
Microsoft Visual Studio Solution File, Format Version 12.00
# Visual Studio 15
VisualStudioVersion = 15.0.26430.6
MinimumVisualStudioVersion = 10.0.40219.1
Project("{FAE04EC0-301F-11D3-BF4B-00C04F79EFBC}") = "BackEnd", "BackEnd\BackEnd.csproj", "{E805AE48-1662-4A37-80E9-FA1A4C7B9591}"
EndProject
Project("{FAE04EC0-301F-11D3-BF4B-00C04F79EFBC}") = "BackEnd.Tests", "99 Testing\BackEnd.Tests\BackEnd.Tests.csproj", "{8CD29083-959C-4AC9-9560-09C3A7C8AE31}"
EndProject
Project("{2150E333-8FDC-42A3-9474-1A3956D46DE8}") = "00 Presentation", "00 Presentation", "{E39E9692-AEFB-4615-BB02-E775A0B06D81}"
EndProject
Project("{2150E333-8FDC-42A3-9474-1A3956D46DE8}") = "10 Service", "10 Service", "{AAD19A95-2F5D-420F-BD40-D1CFC2CA3009}"
EndProject
Project("{2150E333-8FDC-42A3-9474-1A3956D46DE8}") = "99 Testing", "99 Testing", "{E44EA471-A064-4811-BF3F-62F2D415DB29}"
EndProject
Project("{2150E333-8FDC-42A3-9474-1A3956D46DE8}") = "20 application", "20 application", "{3C3E0BB0-53B4-4749-B55E-DC8F69BD82C8}"
EndProject
Project("{2150E333-8FDC-42A3-9474-1A3956D46DE8}") = "30 Domain", "30 Domain", "{CA58B27D-4CB8-493D-9233-42438B755744}"
EndProject
Project("{2150E333-8FDC-42A3-9474-1A3956D46DE8}") = "40 Repository", "40 Repository", "{202C5788-2DE1-48C9-B5FF-E8DAEF8422D4}"
EndProject
Project("{2150E333-8FDC-42A3-9474-1A3956D46DE8}") = "50 Crosscutting", "50 Crosscutting", "{22919224-5C44-4CBD-ADDD-F66B7AFF5CA4}"
EndProject
Project("{2150E333-8FDC-42A3-9474-1A3956D46DE8}") = "11 Authorization", "11 Authorization", "{CE0546C6-7DEF-426F-96F4-58B1824C4294}"
EndProject
Project("{FAE04EC0-301F-11D3-BF4B-00C04F79EFBC}") = "CrossCutting", "50 CrossCutting\CrossCutting\CrossCutting.csproj", "{38F4B3BE-5D92-4684-8916-1BB835F5D36F}"
EndProject
Project("{FAE04EC0-301F-11D3-BF4B-00C04F79EFBC}") = "Repository", "40 Repository\Repository\Repository.csproj", "{0FC67186-F334-49F4-88A6-31A1FE9DEF45}"
EndProject
Project("{FAE04EC0-301F-11D3-BF4B-00C04F79EFBC}") = "Repository.Logic", "40 Repository\Repository.Logic\Repository.Logic.csproj", "{94C9F721-2069-42CC-86B9-4909C228A485}"
EndProject
Project("{FAE04EC0-301F-11D3-BF4B-00C04F79EFBC}") = "Repository.Model", "40 Repository\Repository.Model\Repository.Model.csproj", "{D9A2D482-1CF9-403F-9B2D-95265F53FDF4}"
EndProject
Project("{FAE04EC0-301F-11D3-BF4B-00C04F79EFBC}") = "Domain", "30 Domain\Domain\Domain.csproj", "{7B1E15D0-E34B-4AE8-8FAA-EF1E74EDA6D7}"
EndProject
Project("{FAE04EC0-301F-11D3-BF4B-00C04F79EFBC}") = "Domain.Model", "30 Domain\Domain.Model\Domain.Model.csproj", "{4E66542D-E804-4B74-9108-50CDC8F6603A}"
EndProject
Project("{FAE04EC0-301F-11D3-BF4B-00C04F79EFBC}") = "Domain.Logic", "30 Domain\Domain.Logic\Domain.Logic.csproj", "{EF6980DB-15DE-4D06-A793-30E4F1485DD6}"
EndProject
Project("{FAE04EC0-301F-11D3-BF4B-00C04F79EFBC}") = "Application", "20 Application\Application\Application.csproj", "{2FAA9269-BFAD-4622-8B24-AF3BE025CC72}"
EndProject
Project("{FAE04EC0-301F-11D3-BF4B-00C04F79EFBC}") = "Application.Logic", "20 Application\Application.Logic\Application.Logic.csproj", "{D6EE6487-1004-45B7-8267-6B6078F7FF9D}"
EndProject
Project("{2150E333-8FDC-42A3-9474-1A3956D46DE8}") = "12 Authentication", "12 Authentication", "{1F9A7C54-DCA9-40A5-BFE7-323A2BD83EE0}"
EndProject
Project("{FAE04EC0-301F-11D3-BF4B-00C04F79EFBC}") = "CustomAuthorization", "11 Authorization\Authorization\CustomAuthorization.csproj", "{AD6551F8-7F19-48E5-B198-F693E31238FF}"
EndProject
Project("{FAE04EC0-301F-11D3-BF4B-00C04F79EFBC}") = "CustomAuthorization.Logic", "11 Authorization\Authorization.Logic\CustomAuthorization.Logic.csproj", "{6349AE86-8F5D-4DF2-BD67-1C3CD6B2E1DD}"
EndProject
Global
	GlobalSection(SolutionConfigurationPlatforms) = preSolution
		Debug|Any CPU = Debug|Any CPU
		Debug|ARM = Debug|ARM
		Debug|x64 = Debug|x64
		Debug|x86 = Debug|x86
		Release|Any CPU = Release|Any CPU
		Release|ARM = Release|ARM
		Release|x64 = Release|x64
		Release|x86 = Release|x86
	EndGlobalSection
	GlobalSection(ProjectConfigurationPlatforms) = postSolution
		{E805AE48-1662-4A37-80E9-FA1A4C7B9591}.Debug|Any CPU.ActiveCfg = Debug|Any CPU
		{E805AE48-1662-4A37-80E9-FA1A4C7B9591}.Debug|Any CPU.Build.0 = Debug|Any CPU
		{E805AE48-1662-4A37-80E9-FA1A4C7B9591}.Debug|ARM.ActiveCfg = Debug|Any CPU
		{E805AE48-1662-4A37-80E9-FA1A4C7B9591}.Debug|ARM.Build.0 = Debug|Any CPU
		{E805AE48-1662-4A37-80E9-FA1A4C7B9591}.Debug|x64.ActiveCfg = Debug|Any CPU
		{E805AE48-1662-4A37-80E9-FA1A4C7B9591}.Debug|x64.Build.0 = Debug|Any CPU
		{E805AE48-1662-4A37-80E9-FA1A4C7B9591}.Debug|x86.ActiveCfg = Debug|Any CPU
		{E805AE48-1662-4A37-80E9-FA1A4C7B9591}.Debug|x86.Build.0 = Debug|Any CPU
		{E805AE48-1662-4A37-80E9-FA1A4C7B9591}.Release|Any CPU.ActiveCfg = Release|Any CPU
		{E805AE48-1662-4A37-80E9-FA1A4C7B9591}.Release|Any CPU.Build.0 = Release|Any CPU
		{E805AE48-1662-4A37-80E9-FA1A4C7B9591}.Release|ARM.ActiveCfg = Release|Any CPU
		{E805AE48-1662-4A37-80E9-FA1A4C7B9591}.Release|ARM.Build.0 = Release|Any CPU
		{E805AE48-1662-4A37-80E9-FA1A4C7B9591}.Release|x64.ActiveCfg = Release|Any CPU
		{E805AE48-1662-4A37-80E9-FA1A4C7B9591}.Release|x64.Build.0 = Release|Any CPU
		{E805AE48-1662-4A37-80E9-FA1A4C7B9591}.Release|x86.ActiveCfg = Release|Any CPU
		{E805AE48-1662-4A37-80E9-FA1A4C7B9591}.Release|x86.Build.0 = Release|Any CPU
		{8CD29083-959C-4AC9-9560-09C3A7C8AE31}.Debug|Any CPU.ActiveCfg = Debug|Any CPU
		{8CD29083-959C-4AC9-9560-09C3A7C8AE31}.Debug|Any CPU.Build.0 = Debug|Any CPU
		{8CD29083-959C-4AC9-9560-09C3A7C8AE31}.Debug|ARM.ActiveCfg = Debug|Any CPU
		{8CD29083-959C-4AC9-9560-09C3A7C8AE31}.Debug|ARM.Build.0 = Debug|Any CPU
		{8CD29083-959C-4AC9-9560-09C3A7C8AE31}.Debug|x64.ActiveCfg = Debug|Any CPU
		{8CD29083-959C-4AC9-9560-09C3A7C8AE31}.Debug|x64.Build.0 = Debug|Any CPU
		{8CD29083-959C-4AC9-9560-09C3A7C8AE31}.Debug|x86.ActiveCfg = Debug|Any CPU
		{8CD29083-959C-4AC9-9560-09C3A7C8AE31}.Debug|x86.Build.0 = Debug|Any CPU
		{8CD29083-959C-4AC9-9560-09C3A7C8AE31}.Release|Any CPU.ActiveCfg = Release|Any CPU
		{8CD29083-959C-4AC9-9560-09C3A7C8AE31}.Release|Any CPU.Build.0 = Release|Any CPU
		{8CD29083-959C-4AC9-9560-09C3A7C8AE31}.Release|ARM.ActiveCfg = Release|Any CPU
		{8CD29083-959C-4AC9-9560-09C3A7C8AE31}.Release|ARM.Build.0 = Release|Any CPU
		{8CD29083-959C-4AC9-9560-09C3A7C8AE31}.Release|x64.ActiveCfg = Release|Any CPU
		{8CD29083-959C-4AC9-9560-09C3A7C8AE31}.Release|x64.Build.0 = Release|Any CPU
		{8CD29083-959C-4AC9-9560-09C3A7C8AE31}.Release|x86.ActiveCfg = Release|Any CPU
		{8CD29083-959C-4AC9-9560-09C3A7C8AE31}.Release|x86.Build.0 = Release|Any CPU
		{38F4B3BE-5D92-4684-8916-1BB835F5D36F}.Debug|Any CPU.ActiveCfg = Debug|Any CPU
		{38F4B3BE-5D92-4684-8916-1BB835F5D36F}.Debug|Any CPU.Build.0 = Debug|Any CPU
		{38F4B3BE-5D92-4684-8916-1BB835F5D36F}.Debug|ARM.ActiveCfg = Debug|Any CPU
		{38F4B3BE-5D92-4684-8916-1BB835F5D36F}.Debug|ARM.Build.0 = Debug|Any CPU
		{38F4B3BE-5D92-4684-8916-1BB835F5D36F}.Debug|x64.ActiveCfg = Debug|Any CPU
		{38F4B3BE-5D92-4684-8916-1BB835F5D36F}.Debug|x64.Build.0 = Debug|Any CPU
		{38F4B3BE-5D92-4684-8916-1BB835F5D36F}.Debug|x86.ActiveCfg = Debug|Any CPU
		{38F4B3BE-5D92-4684-8916-1BB835F5D36F}.Debug|x86.Build.0 = Debug|Any CPU
		{38F4B3BE-5D92-4684-8916-1BB835F5D36F}.Release|Any CPU.ActiveCfg = Release|Any CPU
		{38F4B3BE-5D92-4684-8916-1BB835F5D36F}.Release|Any CPU.Build.0 = Release|Any CPU
		{38F4B3BE-5D92-4684-8916-1BB835F5D36F}.Release|ARM.ActiveCfg = Release|Any CPU
		{38F4B3BE-5D92-4684-8916-1BB835F5D36F}.Release|ARM.Build.0 = Release|Any CPU
		{38F4B3BE-5D92-4684-8916-1BB835F5D36F}.Release|x64.ActiveCfg = Release|Any CPU
		{38F4B3BE-5D92-4684-8916-1BB835F5D36F}.Release|x64.Build.0 = Release|Any CPU
		{38F4B3BE-5D92-4684-8916-1BB835F5D36F}.Release|x86.ActiveCfg = Release|Any CPU
		{38F4B3BE-5D92-4684-8916-1BB835F5D36F}.Release|x86.Build.0 = Release|Any CPU
		{0FC67186-F334-49F4-88A6-31A1FE9DEF45}.Debug|Any CPU.ActiveCfg = Debug|Any CPU
		{0FC67186-F334-49F4-88A6-31A1FE9DEF45}.Debug|Any CPU.Build.0 = Debug|Any CPU
		{0FC67186-F334-49F4-88A6-31A1FE9DEF45}.Debug|ARM.ActiveCfg = Debug|Any CPU
		{0FC67186-F334-49F4-88A6-31A1FE9DEF45}.Debug|ARM.Build.0 = Debug|Any CPU
		{0FC67186-F334-49F4-88A6-31A1FE9DEF45}.Debug|x64.ActiveCfg = Debug|Any CPU
		{0FC67186-F334-49F4-88A6-31A1FE9DEF45}.Debug|x64.Build.0 = Debug|Any CPU
		{0FC67186-F334-49F4-88A6-31A1FE9DEF45}.Debug|x86.ActiveCfg = Debug|Any CPU
		{0FC67186-F334-49F4-88A6-31A1FE9DEF45}.Debug|x86.Build.0 = Debug|Any CPU
		{0FC67186-F334-49F4-88A6-31A1FE9DEF45}.Release|Any CPU.ActiveCfg = Release|Any CPU
		{0FC67186-F334-49F4-88A6-31A1FE9DEF45}.Release|Any CPU.Build.0 = Release|Any CPU
		{0FC67186-F334-49F4-88A6-31A1FE9DEF45}.Release|ARM.ActiveCfg = Release|Any CPU
		{0FC67186-F334-49F4-88A6-31A1FE9DEF45}.Release|ARM.Build.0 = Release|Any CPU
		{0FC67186-F334-49F4-88A6-31A1FE9DEF45}.Release|x64.ActiveCfg = Release|Any CPU
		{0FC67186-F334-49F4-88A6-31A1FE9DEF45}.Release|x64.Build.0 = Release|Any CPU
		{0FC67186-F334-49F4-88A6-31A1FE9DEF45}.Release|x86.ActiveCfg = Release|Any CPU
		{0FC67186-F334-49F4-88A6-31A1FE9DEF45}.Release|x86.Build.0 = Release|Any CPU
		{94C9F721-2069-42CC-86B9-4909C228A485}.Debug|Any CPU.ActiveCfg = Debug|Any CPU
		{94C9F721-2069-42CC-86B9-4909C228A485}.Debug|Any CPU.Build.0 = Debug|Any CPU
		{94C9F721-2069-42CC-86B9-4909C228A485}.Debug|ARM.ActiveCfg = Debug|Any CPU
		{94C9F721-2069-42CC-86B9-4909C228A485}.Debug|ARM.Build.0 = Debug|Any CPU
		{94C9F721-2069-42CC-86B9-4909C228A485}.Debug|x64.ActiveCfg = Debug|Any CPU
		{94C9F721-2069-42CC-86B9-4909C228A485}.Debug|x64.Build.0 = Debug|Any CPU
		{94C9F721-2069-42CC-86B9-4909C228A485}.Debug|x86.ActiveCfg = Debug|Any CPU
		{94C9F721-2069-42CC-86B9-4909C228A485}.Debug|x86.Build.0 = Debug|Any CPU
		{94C9F721-2069-42CC-86B9-4909C228A485}.Release|Any CPU.ActiveCfg = Release|Any CPU
		{94C9F721-2069-42CC-86B9-4909C228A485}.Release|Any CPU.Build.0 = Release|Any CPU
		{94C9F721-2069-42CC-86B9-4909C228A485}.Release|ARM.ActiveCfg = Release|Any CPU
		{94C9F721-2069-42CC-86B9-4909C228A485}.Release|ARM.Build.0 = Release|Any CPU
		{94C9F721-2069-42CC-86B9-4909C228A485}.Release|x64.ActiveCfg = Release|Any CPU
		{94C9F721-2069-42CC-86B9-4909C228A485}.Release|x64.Build.0 = Release|Any CPU
		{94C9F721-2069-42CC-86B9-4909C228A485}.Release|x86.ActiveCfg = Release|Any CPU
		{94C9F721-2069-42CC-86B9-4909C228A485}.Release|x86.Build.0 = Release|Any CPU
		{D9A2D482-1CF9-403F-9B2D-95265F53FDF4}.Debug|Any CPU.ActiveCfg = Debug|Any CPU
		{D9A2D482-1CF9-403F-9B2D-95265F53FDF4}.Debug|Any CPU.Build.0 = Debug|Any CPU
		{D9A2D482-1CF9-403F-9B2D-95265F53FDF4}.Debug|ARM.ActiveCfg = Debug|Any CPU
		{D9A2D482-1CF9-403F-9B2D-95265F53FDF4}.Debug|ARM.Build.0 = Debug|Any CPU
		{D9A2D482-1CF9-403F-9B2D-95265F53FDF4}.Debug|x64.ActiveCfg = Debug|Any CPU
		{D9A2D482-1CF9-403F-9B2D-95265F53FDF4}.Debug|x64.Build.0 = Debug|Any CPU
		{D9A2D482-1CF9-403F-9B2D-95265F53FDF4}.Debug|x86.ActiveCfg = Debug|Any CPU
		{D9A2D482-1CF9-403F-9B2D-95265F53FDF4}.Debug|x86.Build.0 = Debug|Any CPU
		{D9A2D482-1CF9-403F-9B2D-95265F53FDF4}.Release|Any CPU.ActiveCfg = Release|Any CPU
		{D9A2D482-1CF9-403F-9B2D-95265F53FDF4}.Release|Any CPU.Build.0 = Release|Any CPU
		{D9A2D482-1CF9-403F-9B2D-95265F53FDF4}.Release|ARM.ActiveCfg = Release|Any CPU
		{D9A2D482-1CF9-403F-9B2D-95265F53FDF4}.Release|ARM.Build.0 = Release|Any CPU
		{D9A2D482-1CF9-403F-9B2D-95265F53FDF4}.Release|x64.ActiveCfg = Release|Any CPU
		{D9A2D482-1CF9-403F-9B2D-95265F53FDF4}.Release|x64.Build.0 = Release|Any CPU
		{D9A2D482-1CF9-403F-9B2D-95265F53FDF4}.Release|x86.ActiveCfg = Release|Any CPU
		{D9A2D482-1CF9-403F-9B2D-95265F53FDF4}.Release|x86.Build.0 = Release|Any CPU
		{7B1E15D0-E34B-4AE8-8FAA-EF1E74EDA6D7}.Debug|Any CPU.ActiveCfg = Debug|Any CPU
		{7B1E15D0-E34B-4AE8-8FAA-EF1E74EDA6D7}.Debug|Any CPU.Build.0 = Debug|Any CPU
		{7B1E15D0-E34B-4AE8-8FAA-EF1E74EDA6D7}.Debug|ARM.ActiveCfg = Debug|Any CPU
		{7B1E15D0-E34B-4AE8-8FAA-EF1E74EDA6D7}.Debug|ARM.Build.0 = Debug|Any CPU
		{7B1E15D0-E34B-4AE8-8FAA-EF1E74EDA6D7}.Debug|x64.ActiveCfg = Debug|Any CPU
		{7B1E15D0-E34B-4AE8-8FAA-EF1E74EDA6D7}.Debug|x64.Build.0 = Debug|Any CPU
		{7B1E15D0-E34B-4AE8-8FAA-EF1E74EDA6D7}.Debug|x86.ActiveCfg = Debug|Any CPU
		{7B1E15D0-E34B-4AE8-8FAA-EF1E74EDA6D7}.Debug|x86.Build.0 = Debug|Any CPU
		{7B1E15D0-E34B-4AE8-8FAA-EF1E74EDA6D7}.Release|Any CPU.ActiveCfg = Release|Any CPU
		{7B1E15D0-E34B-4AE8-8FAA-EF1E74EDA6D7}.Release|Any CPU.Build.0 = Release|Any CPU
		{7B1E15D0-E34B-4AE8-8FAA-EF1E74EDA6D7}.Release|ARM.ActiveCfg = Release|Any CPU
		{7B1E15D0-E34B-4AE8-8FAA-EF1E74EDA6D7}.Release|ARM.Build.0 = Release|Any CPU
		{7B1E15D0-E34B-4AE8-8FAA-EF1E74EDA6D7}.Release|x64.ActiveCfg = Release|Any CPU
		{7B1E15D0-E34B-4AE8-8FAA-EF1E74EDA6D7}.Release|x64.Build.0 = Release|Any CPU
		{7B1E15D0-E34B-4AE8-8FAA-EF1E74EDA6D7}.Release|x86.ActiveCfg = Release|Any CPU
		{7B1E15D0-E34B-4AE8-8FAA-EF1E74EDA6D7}.Release|x86.Build.0 = Release|Any CPU
		{4E66542D-E804-4B74-9108-50CDC8F6603A}.Debug|Any CPU.ActiveCfg = Debug|Any CPU
		{4E66542D-E804-4B74-9108-50CDC8F6603A}.Debug|Any CPU.Build.0 = Debug|Any CPU
		{4E66542D-E804-4B74-9108-50CDC8F6603A}.Debug|ARM.ActiveCfg = Debug|Any CPU
		{4E66542D-E804-4B74-9108-50CDC8F6603A}.Debug|ARM.Build.0 = Debug|Any CPU
		{4E66542D-E804-4B74-9108-50CDC8F6603A}.Debug|x64.ActiveCfg = Debug|Any CPU
		{4E66542D-E804-4B74-9108-50CDC8F6603A}.Debug|x64.Build.0 = Debug|Any CPU
		{4E66542D-E804-4B74-9108-50CDC8F6603A}.Debug|x86.ActiveCfg = Debug|Any CPU
		{4E66542D-E804-4B74-9108-50CDC8F6603A}.Debug|x86.Build.0 = Debug|Any CPU
		{4E66542D-E804-4B74-9108-50CDC8F6603A}.Release|Any CPU.ActiveCfg = Release|Any CPU
		{4E66542D-E804-4B74-9108-50CDC8F6603A}.Release|Any CPU.Build.0 = Release|Any CPU
		{4E66542D-E804-4B74-9108-50CDC8F6603A}.Release|ARM.ActiveCfg = Release|Any CPU
		{4E66542D-E804-4B74-9108-50CDC8F6603A}.Release|ARM.Build.0 = Release|Any CPU
		{4E66542D-E804-4B74-9108-50CDC8F6603A}.Release|x64.ActiveCfg = Release|Any CPU
		{4E66542D-E804-4B74-9108-50CDC8F6603A}.Release|x64.Build.0 = Release|Any CPU
		{4E66542D-E804-4B74-9108-50CDC8F6603A}.Release|x86.ActiveCfg = Release|Any CPU
		{4E66542D-E804-4B74-9108-50CDC8F6603A}.Release|x86.Build.0 = Release|Any CPU
		{EF6980DB-15DE-4D06-A793-30E4F1485DD6}.Debug|Any CPU.ActiveCfg = Debug|Any CPU
		{EF6980DB-15DE-4D06-A793-30E4F1485DD6}.Debug|Any CPU.Build.0 = Debug|Any CPU
		{EF6980DB-15DE-4D06-A793-30E4F1485DD6}.Debug|ARM.ActiveCfg = Debug|Any CPU
		{EF6980DB-15DE-4D06-A793-30E4F1485DD6}.Debug|ARM.Build.0 = Debug|Any CPU
		{EF6980DB-15DE-4D06-A793-30E4F1485DD6}.Debug|x64.ActiveCfg = Debug|Any CPU
		{EF6980DB-15DE-4D06-A793-30E4F1485DD6}.Debug|x64.Build.0 = Debug|Any CPU
		{EF6980DB-15DE-4D06-A793-30E4F1485DD6}.Debug|x86.ActiveCfg = Debug|Any CPU
		{EF6980DB-15DE-4D06-A793-30E4F1485DD6}.Debug|x86.Build.0 = Debug|Any CPU
		{EF6980DB-15DE-4D06-A793-30E4F1485DD6}.Release|Any CPU.ActiveCfg = Release|Any CPU
		{EF6980DB-15DE-4D06-A793-30E4F1485DD6}.Release|Any CPU.Build.0 = Release|Any CPU
		{EF6980DB-15DE-4D06-A793-30E4F1485DD6}.Release|ARM.ActiveCfg = Release|Any CPU
		{EF6980DB-15DE-4D06-A793-30E4F1485DD6}.Release|ARM.Build.0 = Release|Any CPU
		{EF6980DB-15DE-4D06-A793-30E4F1485DD6}.Release|x64.ActiveCfg = Release|Any CPU
		{EF6980DB-15DE-4D06-A793-30E4F1485DD6}.Release|x64.Build.0 = Release|Any CPU
		{EF6980DB-15DE-4D06-A793-30E4F1485DD6}.Release|x86.ActiveCfg = Release|Any CPU
		{EF6980DB-15DE-4D06-A793-30E4F1485DD6}.Release|x86.Build.0 = Release|Any CPU
		{2FAA9269-BFAD-4622-8B24-AF3BE025CC72}.Debug|Any CPU.ActiveCfg = Debug|Any CPU
		{2FAA9269-BFAD-4622-8B24-AF3BE025CC72}.Debug|Any CPU.Build.0 = Debug|Any CPU
		{2FAA9269-BFAD-4622-8B24-AF3BE025CC72}.Debug|ARM.ActiveCfg = Debug|Any CPU
		{2FAA9269-BFAD-4622-8B24-AF3BE025CC72}.Debug|ARM.Build.0 = Debug|Any CPU
		{2FAA9269-BFAD-4622-8B24-AF3BE025CC72}.Debug|x64.ActiveCfg = Debug|Any CPU
		{2FAA9269-BFAD-4622-8B24-AF3BE025CC72}.Debug|x64.Build.0 = Debug|Any CPU
		{2FAA9269-BFAD-4622-8B24-AF3BE025CC72}.Debug|x86.ActiveCfg = Debug|Any CPU
		{2FAA9269-BFAD-4622-8B24-AF3BE025CC72}.Debug|x86.Build.0 = Debug|Any CPU
		{2FAA9269-BFAD-4622-8B24-AF3BE025CC72}.Release|Any CPU.ActiveCfg = Release|Any CPU
		{2FAA9269-BFAD-4622-8B24-AF3BE025CC72}.Release|Any CPU.Build.0 = Release|Any CPU
		{2FAA9269-BFAD-4622-8B24-AF3BE025CC72}.Release|ARM.ActiveCfg = Release|Any CPU
		{2FAA9269-BFAD-4622-8B24-AF3BE025CC72}.Release|ARM.Build.0 = Release|Any CPU
		{2FAA9269-BFAD-4622-8B24-AF3BE025CC72}.Release|x64.ActiveCfg = Release|Any CPU
		{2FAA9269-BFAD-4622-8B24-AF3BE025CC72}.Release|x64.Build.0 = Release|Any CPU
		{2FAA9269-BFAD-4622-8B24-AF3BE025CC72}.Release|x86.ActiveCfg = Release|Any CPU
		{2FAA9269-BFAD-4622-8B24-AF3BE025CC72}.Release|x86.Build.0 = Release|Any CPU
		{D6EE6487-1004-45B7-8267-6B6078F7FF9D}.Debug|Any CPU.ActiveCfg = Debug|Any CPU
		{D6EE6487-1004-45B7-8267-6B6078F7FF9D}.Debug|Any CPU.Build.0 = Debug|Any CPU
		{D6EE6487-1004-45B7-8267-6B6078F7FF9D}.Debug|ARM.ActiveCfg = Debug|Any CPU
		{D6EE6487-1004-45B7-8267-6B6078F7FF9D}.Debug|ARM.Build.0 = Debug|Any CPU
		{D6EE6487-1004-45B7-8267-6B6078F7FF9D}.Debug|x64.ActiveCfg = Debug|Any CPU
		{D6EE6487-1004-45B7-8267-6B6078F7FF9D}.Debug|x64.Build.0 = Debug|Any CPU
		{D6EE6487-1004-45B7-8267-6B6078F7FF9D}.Debug|x86.ActiveCfg = Debug|Any CPU
		{D6EE6487-1004-45B7-8267-6B6078F7FF9D}.Debug|x86.Build.0 = Debug|Any CPU
		{D6EE6487-1004-45B7-8267-6B6078F7FF9D}.Release|Any CPU.ActiveCfg = Release|Any CPU
		{D6EE6487-1004-45B7-8267-6B6078F7FF9D}.Release|Any CPU.Build.0 = Release|Any CPU
		{D6EE6487-1004-45B7-8267-6B6078F7FF9D}.Release|ARM.ActiveCfg = Release|Any CPU
		{D6EE6487-1004-45B7-8267-6B6078F7FF9D}.Release|ARM.Build.0 = Release|Any CPU
		{D6EE6487-1004-45B7-8267-6B6078F7FF9D}.Release|x64.ActiveCfg = Release|Any CPU
		{D6EE6487-1004-45B7-8267-6B6078F7FF9D}.Release|x64.Build.0 = Release|Any CPU
		{D6EE6487-1004-45B7-8267-6B6078F7FF9D}.Release|x86.ActiveCfg = Release|Any CPU
		{D6EE6487-1004-45B7-8267-6B6078F7FF9D}.Release|x86.Build.0 = Release|Any CPU
		{AD6551F8-7F19-48E5-B198-F693E31238FF}.Debug|Any CPU.ActiveCfg = Debug|Any CPU
		{AD6551F8-7F19-48E5-B198-F693E31238FF}.Debug|Any CPU.Build.0 = Debug|Any CPU
		{AD6551F8-7F19-48E5-B198-F693E31238FF}.Debug|ARM.ActiveCfg = Debug|Any CPU
		{AD6551F8-7F19-48E5-B198-F693E31238FF}.Debug|ARM.Build.0 = Debug|Any CPU
		{AD6551F8-7F19-48E5-B198-F693E31238FF}.Debug|x64.ActiveCfg = Debug|Any CPU
		{AD6551F8-7F19-48E5-B198-F693E31238FF}.Debug|x64.Build.0 = Debug|Any CPU
		{AD6551F8-7F19-48E5-B198-F693E31238FF}.Debug|x86.ActiveCfg = Debug|Any CPU
		{AD6551F8-7F19-48E5-B198-F693E31238FF}.Debug|x86.Build.0 = Debug|Any CPU
		{AD6551F8-7F19-48E5-B198-F693E31238FF}.Release|Any CPU.ActiveCfg = Release|Any CPU
		{AD6551F8-7F19-48E5-B198-F693E31238FF}.Release|Any CPU.Build.0 = Release|Any CPU
		{AD6551F8-7F19-48E5-B198-F693E31238FF}.Release|ARM.ActiveCfg = Release|Any CPU
		{AD6551F8-7F19-48E5-B198-F693E31238FF}.Release|ARM.Build.0 = Release|Any CPU
		{AD6551F8-7F19-48E5-B198-F693E31238FF}.Release|x64.ActiveCfg = Release|Any CPU
		{AD6551F8-7F19-48E5-B198-F693E31238FF}.Release|x64.Build.0 = Release|Any CPU
		{AD6551F8-7F19-48E5-B198-F693E31238FF}.Release|x86.ActiveCfg = Release|Any CPU
		{AD6551F8-7F19-48E5-B198-F693E31238FF}.Release|x86.Build.0 = Release|Any CPU
		{6349AE86-8F5D-4DF2-BD67-1C3CD6B2E1DD}.Debug|Any CPU.ActiveCfg = Debug|Any CPU
		{6349AE86-8F5D-4DF2-BD67-1C3CD6B2E1DD}.Debug|Any CPU.Build.0 = Debug|Any CPU
		{6349AE86-8F5D-4DF2-BD67-1C3CD6B2E1DD}.Debug|ARM.ActiveCfg = Debug|Any CPU
		{6349AE86-8F5D-4DF2-BD67-1C3CD6B2E1DD}.Debug|ARM.Build.0 = Debug|Any CPU
		{6349AE86-8F5D-4DF2-BD67-1C3CD6B2E1DD}.Debug|x64.ActiveCfg = Debug|Any CPU
		{6349AE86-8F5D-4DF2-BD67-1C3CD6B2E1DD}.Debug|x64.Build.0 = Debug|Any CPU
		{6349AE86-8F5D-4DF2-BD67-1C3CD6B2E1DD}.Debug|x86.ActiveCfg = Debug|Any CPU
		{6349AE86-8F5D-4DF2-BD67-1C3CD6B2E1DD}.Debug|x86.Build.0 = Debug|Any CPU
		{6349AE86-8F5D-4DF2-BD67-1C3CD6B2E1DD}.Release|Any CPU.ActiveCfg = Release|Any CPU
		{6349AE86-8F5D-4DF2-BD67-1C3CD6B2E1DD}.Release|Any CPU.Build.0 = Release|Any CPU
		{6349AE86-8F5D-4DF2-BD67-1C3CD6B2E1DD}.Release|ARM.ActiveCfg = Release|Any CPU
		{6349AE86-8F5D-4DF2-BD67-1C3CD6B2E1DD}.Release|ARM.Build.0 = Release|Any CPU
		{6349AE86-8F5D-4DF2-BD67-1C3CD6B2E1DD}.Release|x64.ActiveCfg = Release|Any CPU
		{6349AE86-8F5D-4DF2-BD67-1C3CD6B2E1DD}.Release|x64.Build.0 = Release|Any CPU
		{6349AE86-8F5D-4DF2-BD67-1C3CD6B2E1DD}.Release|x86.ActiveCfg = Release|Any CPU
		{6349AE86-8F5D-4DF2-BD67-1C3CD6B2E1DD}.Release|x86.Build.0 = Release|Any CPU
	EndGlobalSection
	GlobalSection(SolutionProperties) = preSolution
		HideSolutionNode = FALSE
	EndGlobalSection
	GlobalSection(NestedProjects) = preSolution
		{E805AE48-1662-4A37-80E9-FA1A4C7B9591} = {AAD19A95-2F5D-420F-BD40-D1CFC2CA3009}
		{8CD29083-959C-4AC9-9560-09C3A7C8AE31} = {E44EA471-A064-4811-BF3F-62F2D415DB29}
		{38F4B3BE-5D92-4684-8916-1BB835F5D36F} = {22919224-5C44-4CBD-ADDD-F66B7AFF5CA4}
		{0FC67186-F334-49F4-88A6-31A1FE9DEF45} = {202C5788-2DE1-48C9-B5FF-E8DAEF8422D4}
		{94C9F721-2069-42CC-86B9-4909C228A485} = {202C5788-2DE1-48C9-B5FF-E8DAEF8422D4}
		{D9A2D482-1CF9-403F-9B2D-95265F53FDF4} = {202C5788-2DE1-48C9-B5FF-E8DAEF8422D4}
		{7B1E15D0-E34B-4AE8-8FAA-EF1E74EDA6D7} = {CA58B27D-4CB8-493D-9233-42438B755744}
		{4E66542D-E804-4B74-9108-50CDC8F6603A} = {CA58B27D-4CB8-493D-9233-42438B755744}
		{EF6980DB-15DE-4D06-A793-30E4F1485DD6} = {CA58B27D-4CB8-493D-9233-42438B755744}
		{2FAA9269-BFAD-4622-8B24-AF3BE025CC72} = {3C3E0BB0-53B4-4749-B55E-DC8F69BD82C8}
		{D6EE6487-1004-45B7-8267-6B6078F7FF9D} = {3C3E0BB0-53B4-4749-B55E-DC8F69BD82C8}
		{AD6551F8-7F19-48E5-B198-F693E31238FF} = {CE0546C6-7DEF-426F-96F4-58B1824C4294}
		{6349AE86-8F5D-4DF2-BD67-1C3CD6B2E1DD} = {CE0546C6-7DEF-426F-96F4-58B1824C4294}
	EndGlobalSection
EndGlobal
